
Microsoft Visual Studio Solution File, Format Version 12.00
# Visual Studio Version 17
VisualStudioVersion = 17.10.35122.118
MinimumVisualStudioVersion = 10.0.40219.1
Project("{FAE04EC0-301F-11D3-BF4B-00C04F79EFBC}") = "AISTex", "AISTex.csproj", "{F5A0C0B1-12D4-428A-ABA7-26E71E96606E}"
EndProject
Global
	GlobalSection(SolutionConfigurationPlatforms) = preSolution
		Debug|Any CPU = Debug|Any CPU
		Release|Any CPU = Release|Any CPU
	EndGlobalSection
	GlobalSection(ProjectConfigurationPlatforms) = postSolution
		{F5A0C0B1-12D4-428A-ABA7-26E71E96606E}.Debug|Any CPU.ActiveCfg = Debug|Any CPU
		{F5A0C0B1-12D4-428A-ABA7-26E71E96606E}.Debug|Any CPU.Build.0 = Debug|Any CPU
		{F5A0C0B1-12D4-428A-ABA7-26E71E96606E}.Release|Any CPU.ActiveCfg = Release|Any CPU
		{F5A0C0B1-12D4-428A-ABA7-26E71E96606E}.Release|Any CPU.Build.0 = Release|Any CPU
	EndGlobalSection
	GlobalSection(SolutionProperties) = preSolution
		HideSolutionNode = FALSE
	EndGlobalSection
	GlobalSection(ExtensibilityGlobals) = postSolution
		SolutionGuid = {E9B0D702-8247-422C-A438-607F06E71DF5}
	EndGlobalSection
EndGlobal
